{
  "R": {
    "Version": "4.5.0",
    "Repositories": [
      {
        "Name": "CRAN",
        "URL": "https://p3m.dev/cran/latest"
      }
    ]
  },
  "Bioconductor": {
    "Version": "3.21"
  },
  "Packages": {
    "BiocManager": {
      "Package": "BiocManager",
      "Version": "1.30.25",
      "Source": "Repository",
      "Title": "Access the Bioconductor Project Package Repository",
      "Description": "A convenient tool to install and update Bioconductor packages.",
      "Authors@R": "c( person(\"Martin\", \"Morgan\", email = \"martin.morgan@roswellpark.org\", role = \"aut\", comment = c(ORCID = \"0000-0002-5874-8148\")), person(\"Marcel\", \"Ramos\", email = \"marcel.ramos@sph.cuny.edu\", role = c(\"aut\", \"cre\"), comment = c(ORCID = \"0000-0002-3242-0582\")))",
      "Imports": [
        "utils"
      ],
      "Suggests": [
        "BiocVersion",
        "BiocStyle",
        "remotes",
        "rmarkdown",
        "testthat",
        "withr",
        "curl",
        "knitr"
      ],
      "URL": "https://bioconductor.github.io/BiocManager/",
      "BugReports": "https://github.com/Bioconductor/BiocManager/issues",
      "VignetteBuilder": "knitr",
      "License": "Artistic-2.0",
      "Encoding": "UTF-8",
      "RoxygenNote": "7.3.1",
      "NeedsCompilation": "no",
      "Author": "Martin Morgan [aut] (<https://orcid.org/0000-0002-5874-8148>), Marcel Ramos [aut, cre] (<https://orcid.org/0000-0002-3242-0582>)",
      "Maintainer": "Marcel Ramos <marcel.ramos@sph.cuny.edu>",
      "Repository": "CRAN"
    },
    "librarian": {
      "Package": "librarian",
      "Version": "1.8.1",
      "Source": "Repository",
      "Title": "Install, Update, Load Packages from CRAN, 'GitHub', and 'Bioconductor' in One Step",
      "Date": "2021-07-12",
      "Authors@R": "person(\"Desi\", \"Quintans\", email = \"science@desiquintans.com\", role = c(\"aut\", \"cre\"))",
      "Description": "Automatically install, update, and load 'CRAN', 'GitHub', and 'Bioconductor'  packages in a single function call. By accepting bare unquoted names for packages,  it's easy to add or remove packages from the list.",
      "URL": "https://github.com/DesiQuintans/librarian",
      "BugReports": "https://github.com/DesiQuintans/librarian/issues",
      "Depends": [
        "R (>= 3.5.0)"
      ],
      "License": "GPL-3",
      "Encoding": "UTF-8",
      "Imports": [
        "BiocManager",
        "remotes",
        "tools",
        "utils"
      ],
      "RoxygenNote": "7.1.1",
      "Suggests": [
        "testthat",
        "knitr",
        "rmarkdown"
      ],
      "Language": "en-GB",
      "VignetteBuilder": "knitr",
      "NeedsCompilation": "no",
      "Author": "Desi Quintans [aut, cre]",
      "Maintainer": "Desi Quintans <science@desiquintans.com>",
      "Repository": "CRAN"
    },
    "remotes": {
      "Package": "remotes",
      "Version": "2.5.0",
      "Source": "Repository",
      "Title": "R Package Installation from Remote Repositories, Including 'GitHub'",
      "Authors@R": "c( person(\"Gábor\", \"Csárdi\", , \"csardi.gabor@gmail.com\", role = c(\"aut\", \"cre\")), person(\"Jim\", \"Hester\", role = \"aut\"), person(\"Hadley\", \"Wickham\", role = \"aut\"), person(\"Winston\", \"Chang\", role = \"aut\"), person(\"Martin\", \"Morgan\", role = \"aut\"), person(\"Dan\", \"Tenenbaum\", role = \"aut\"), person(\"Posit Software, PBC\", role = c(\"cph\", \"fnd\")), person(\"Ascent Digital Services\", role = \"cph\") )",
      "Description": "Download and install R packages stored in 'GitHub', 'GitLab', 'Bitbucket', 'Bioconductor', or plain 'subversion' or 'git' repositories.  This package provides the 'install_*' functions in 'devtools'. Indeed most of the code was copied over from 'devtools'.",
      "License": "MIT + file LICENSE",
      "URL": "https://remotes.r-lib.org, https://github.com/r-lib/remotes#readme",
      "BugReports": "https://github.com/r-lib/remotes/issues",
      "Depends": [
        "R (>= 3.0.0)"
      ],
      "Imports": [
        "methods",
        "stats",
        "tools",
        "utils"
      ],
      "Suggests": [
        "brew",
        "callr",
        "codetools",
        "covr",
        "curl",
        "git2r (>= 0.23.0)",
        "knitr",
        "mockery",
        "pingr",
        "pkgbuild (>= 1.0.1)",
        "rmarkdown",
        "rprojroot",
        "testthat (>= 3.0.0)",
        "webfakes",
        "withr"
      ],
      "VignetteBuilder": "knitr",
      "Config/Needs/website": "tidyverse/tidytemplate",
      "Config/testthat/edition": "3",
      "Encoding": "UTF-8",
      "RoxygenNote": "7.2.3",
      "SystemRequirements": "Subversion for install_svn, git for install_git",
      "NeedsCompilation": "no",
      "Author": "Gábor Csárdi [aut, cre], Jim Hester [aut], Hadley Wickham [aut], Winston Chang [aut], Martin Morgan [aut], Dan Tenenbaum [aut], Posit Software, PBC [cph, fnd], Ascent Digital Services [cph]",
      "Maintainer": "Gábor Csárdi <csardi.gabor@gmail.com>",
      "Repository": "CRAN"
    },
    "renv": {
      "Package": "renv",
      "Version": "1.1.4",
      "Source": "Repository",
      "Type": "Package",
      "Title": "Project Environments",
      "Authors@R": "c( person(\"Kevin\", \"Ushey\", role = c(\"aut\", \"cre\"), email = \"kevin@rstudio.com\", comment = c(ORCID = \"0000-0003-2880-7407\")), person(\"Hadley\", \"Wickham\", role = c(\"aut\"), email = \"hadley@rstudio.com\", comment = c(ORCID = \"0000-0003-4757-117X\")), person(\"Posit Software, PBC\", role = c(\"cph\", \"fnd\")) )",
      "Description": "A dependency management toolkit for R. Using 'renv', you can create and manage project-local R libraries, save the state of these libraries to a 'lockfile', and later restore your library as required. Together, these tools can help make your projects more isolated, portable, and reproducible.",
      "License": "MIT + file LICENSE",
      "URL": "https://rstudio.github.io/renv/, https://github.com/rstudio/renv",
      "BugReports": "https://github.com/rstudio/renv/issues",
      "Imports": [
        "utils"
      ],
      "Suggests": [
        "BiocManager",
        "cli",
        "compiler",
        "covr",
        "cpp11",
        "devtools",
        "gitcreds",
        "jsonlite",
        "jsonvalidate",
        "knitr",
        "miniUI",
        "modules",
        "packrat",
        "pak",
        "R6",
        "remotes",
        "reticulate",
        "rmarkdown",
        "rstudioapi",
        "shiny",
        "testthat",
        "uuid",
        "waldo",
        "yaml",
        "webfakes"
      ],
      "Encoding": "UTF-8",
      "RoxygenNote": "7.3.2",
      "VignetteBuilder": "knitr",
      "Config/Needs/website": "tidyverse/tidytemplate",
      "Config/testthat/edition": "3",
      "Config/testthat/parallel": "true",
      "Config/testthat/start-first": "bioconductor,python,install,restore,snapshot,retrieve,remotes",
      "NeedsCompilation": "no",
      "Author": "Kevin Ushey [aut, cre] (<https://orcid.org/0000-0003-2880-7407>), Hadley Wickham [aut] (<https://orcid.org/0000-0003-4757-117X>), Posit Software, PBC [cph, fnd]",
      "Maintainer": "Kevin Ushey <kevin@rstudio.com>",
      "Repository": "CRAN"
    }
  }
}
